{
    "_readme": [
        "This file locks the dependencies of your project to a known state",
        "Read more about it at https://getcomposer.org/doc/01-basic-usage.md#composer-lock-the-lock-file",
        "This file is @generated automatically"
    ],
    "hash": "fe428ea3c7e3e21b1ed0a466fafaf8d9",
    "content-hash": "dd86e5129152c4c5780823313aac774d",
    "packages": [
        {
            "name": "container-interop/container-interop",
            "version": "1.1.0",
            "source": {
                "type": "git",
                "url": "https://github.com/container-interop/container-interop.git",
                "reference": "fc08354828f8fd3245f77a66b9e23a6bca48297e"
            },
            "dist": {
                "type": "zip",
                "url": "https://api.github.com/repos/container-interop/container-interop/zipball/fc08354828f8fd3245f77a66b9e23a6bca48297e",
                "reference": "fc08354828f8fd3245f77a66b9e23a6bca48297e",
                "shasum": ""
            },
            "type": "library",
            "autoload": {
                "psr-4": {
                    "Interop\\Container\\": "src/Interop/Container/"
                }
            },
            "notification-url": "https://packagist.org/downloads/",
            "license": [
                "MIT"
            ],
            "description": "Promoting the interoperability of container objects (DIC, SL, etc.)",
            "time": "2014-12-30 15:22:37"
        },
        {
            "name": "filp/whoops",
            "version": "1.x-dev",
            "source": {
                "type": "git",
                "url": "https://github.com/filp/whoops.git",
                "reference": "72538eeb70bbfb11964412a3d098d109efd012f7"
            },
            "dist": {
                "type": "zip",
                "url": "https://api.github.com/repos/filp/whoops/zipball/72538eeb70bbfb11964412a3d098d109efd012f7",
                "reference": "72538eeb70bbfb11964412a3d098d109efd012f7",
                "shasum": ""
            },
            "require": {
                "php": ">=5.3.0"
            },
            "require-dev": {
                "mockery/mockery": "0.9.*"
            },
            "type": "library",
            "extra": {
                "branch-alias": {
                    "dev-master": "1.2-dev"
                }
            },
            "autoload": {
                "psr-0": {
                    "Whoops": "src/"
                },
                "classmap": [
                    "src/deprecated"
                ]
            },
            "notification-url": "http://packagist.org/downloads/",
            "license": [
                "MIT"
            ],
            "authors": [
                {
                    "name": "Filipe Dobreira",
                    "homepage": "https://github.com/filp",
                    "role": "Developer"
                }
            ],
            "description": "php error handling for cool kids",
            "homepage": "https://github.com/filp/whoops",
            "keywords": [
                "error",
                "exception",
                "handling",
                "library",
                "silex-provider",
                "whoops",
                "zf2"
            ],
            "time": "2015-06-29 05:42:04"
        },
        {
            "name": "josegonzalez/dotenv",
            "version": "1.2.2",
            "source": {
                "type": "git",
                "url": "https://github.com/josegonzalez/php-dotenv.git",
                "reference": "38a38273b7bdbe38ce0106aea373eae7a4f3125e"
            },
            "dist": {
                "type": "zip",
                "url": "https://api.github.com/repos/josegonzalez/php-dotenv/zipball/38a38273b7bdbe38ce0106aea373eae7a4f3125e",
                "reference": "38a38273b7bdbe38ce0106aea373eae7a4f3125e",
                "shasum": ""
            },
            "require": {
                "php": ">=5.3.0"
            },
            "require-dev": {
                "satooshi/php-coveralls": "1.*",
                "squizlabs/php_codesniffer": "2.*"
            },
            "type": "library",
            "autoload": {
                "psr-0": {
                    "josegonzalez\\Dotenv": [
                        "src",
                        "tests"
                    ]
                }
            },
            "notification-url": "http://packagist.org/downloads/",
            "license": [
                "MIT"
            ],
            "authors": [
                {
                    "name": "Jose Diaz-Gonzalez",
                    "email": "dotenv@josegonzalez.com",
                    "homepage": "http://josediazgonzalez.com",
                    "role": "Maintainer"
                }
            ],
            "description": "dotenv file parsing for PHP",
            "homepage": "https://github.com/josegonzalez/php-dotenv",
            "keywords": [
                "configuration",
                "dotenv",
                "php"
            ],
            "time": "2016-01-07 07:13:27"
        },
        {
            "name": "league/container",
            "version": "dev-master",
            "source": {
                "type": "git",
                "url": "https://github.com/thephpleague/container.git",
                "reference": "2f3c02f78363b83062637c8aafada273fe2f07bb"
            },
            "dist": {
                "type": "zip",
                "url": "https://api.github.com/repos/thephpleague/container/zipball/2f3c02f78363b83062637c8aafada273fe2f07bb",
                "reference": "2f3c02f78363b83062637c8aafada273fe2f07bb",
                "shasum": ""
            },
            "require": {
                "container-interop/container-interop": "^1.1",
                "php": "^5.4.0 || ^7.0"
            },
            "provide": {
                "container-interop/container-interop-implementation": "^1.1"
            },
            "replace": {
                "orno/di": "~2.0"
            },
            "require-dev": {
                "phpunit/phpunit": "4.*"
            },
            "type": "library",
            "extra": {
                "branch-alias": {
                    "dev-master": "2.x-dev",
                    "dev-1.x": "1.x-dev"
                }
            },
            "autoload": {
                "psr-4": {
                    "League\\Container\\": "src"
                }
            },
            "notification-url": "https://packagist.org/downloads/",
            "license": [
                "MIT"
            ],
            "authors": [
                {
                    "name": "Phil Bennett",
                    "email": "philipobenito@gmail.com",
                    "homepage": "http://www.philipobenito.com",
                    "role": "Developer"
                }
            ],
            "description": "A fast and intuitive dependency injection container.",
            "homepage": "https://github.com/thephpleague/container",
            "keywords": [
                "container",
                "dependency",
                "di",
                "injection",
                "league",
                "provider",
                "service"
            ],
            "time": "2016-10-12 13:50:38"
        },
        {
            "name": "reactivex/rxphp",
            "version": "1.5.1",
            "source": {
                "type": "git",
                "url": "https://github.com/ReactiveX/RxPHP.git",
                "reference": "0e88894ea060822e448eb49295ed8cf7d344167e"
            },
            "dist": {
                "type": "zip",
                "url": "https://api.github.com/repos/ReactiveX/RxPHP/zipball/0e88894ea060822e448eb49295ed8cf7d344167e",
                "reference": "0e88894ea060822e448eb49295ed8cf7d344167e",
                "shasum": ""
            },
            "require": {
                "php": "~5.5|~7.0"
            },
            "require-dev": {
                "phpunit/phpcov": "^3.1",
                "phpunit/phpunit": "^5.5",
                "react/event-loop": "~0.4.1",
                "react/promise": "~2.2",
                "satooshi/php-coveralls": "~1.0"
            },
            "suggest": {
                "react/event-loop": "For using event-loop based scheduling.",
                "react/promise": "For converting promises to and from observables."
            },
            "type": "library",
            "extra": {
                "branch-alias": {
                    "dev-master": "1.4-dev"
                }
            },
            "autoload": {
                "psr-4": {
                    "Rx\\": "lib/Rx"
                }
            },
            "notification-url": "https://packagist.org/downloads/",
            "license": [
                "MIT"
            ],
            "authors": [
                {
                    "name": "Alexander",
                    "email": "iam.asm89@gmail.com"
                },
                {
                    "name": "David Dan",
                    "email": "davidwdan@gmail.com"
                },
                {
                    "name": "Matt Bonneau",
                    "email": "matt@bonneau.net"
                }
            ],
            "description": "Reactive extensions for php.",
            "homepage": "https://github.com/ReactiveX/RxPHP",
            "keywords": [
                "extensions",
                "reactive",
                "rx"
            ],
            "time": "2016-12-28 22:50:58"
        },
        {
            "name": "snowair/think-dotenv",
            "version": "dev-master",
            "source": {
                "type": "git",
                "url": "https://github.com/snowair/think-dotenv.git",
                "reference": "6be232aa57d0ebd36d8feec0da62f12c2221ef1c"
            },
            "dist": {
                "type": "zip",
                "url": "https://api.github.com/repos/snowair/think-dotenv/zipball/6be232aa57d0ebd36d8feec0da62f12c2221ef1c",
                "reference": "6be232aa57d0ebd36d8feec0da62f12c2221ef1c",
                "shasum": ""
            },
            "require": {
                "josegonzalez/dotenv": "^1.0",
                "snowair/think-hookagent": ">=0.4"
            },
            "type": "library",
            "autoload": {
                "psr-4": {
                    "Snowair\\Dotenv\\": "."
                },
                "files": [
                    "DotEnv.php"
                ]
            },
            "notification-url": "http://packagist.org/downloads/",
            "license": [
                "apache"
            ],
            "authors": [
                {
                    "name": "朱亚杰",
                    "email": "xcoolcc@gmail.com"
                }
            ],
            "description": "ThinkPHP3.2集成php-dotenv",
            "time": "2015-12-28 10:27:07"
        },
        {
            "name": "snowair/think-hookagent",
            "version": "dev-master",
            "source": {
                "type": "git",
                "url": "https://github.com/snowair/think-hookagent.git",
                "reference": "238b8838b8dcdfedee4bad0b9d5b4e15ab934d1e"
            },
            "dist": {
                "type": "zip",
                "url": "https://api.github.com/repos/snowair/think-hookagent/zipball/238b8838b8dcdfedee4bad0b9d5b4e15ab934d1e",
                "reference": "238b8838b8dcdfedee4bad0b9d5b4e15ab934d1e",
                "shasum": ""
            },
            "type": "library",
            "autoload": {
                "psr-4": {
                    "Snowair\\Think\\Behavior\\": "."
                }
            },
            "notification-url": "http://packagist.org/downloads/",
            "license": [
                "MIT"
            ],
            "authors": [
                {
                    "name": "朱亚杰",
                    "email": "xcoolcc@gmail.com"
                }
            ],
            "description": "ThinkPHP3.2 composer扩展包开发工具",
            "time": "2015-09-12 13:26:13"
        },
        {
            "name": "snowair/think-whoops",
            "version": "dev-master",
            "source": {
                "type": "git",
                "url": "https://github.com/snowair/think-whoops.git",
                "reference": "ff2ff5fa7c08e255b92d547fe4f6fd72fcab719d"
            },
            "dist": {
                "type": "zip",
                "url": "https://api.github.com/repos/snowair/think-whoops/zipball/ff2ff5fa7c08e255b92d547fe4f6fd72fcab719d",
                "reference": "ff2ff5fa7c08e255b92d547fe4f6fd72fcab719d",
                "shasum": ""
            },
            "require": {
                "filp/whoops": "^1.1",
                "snowair/think-hookagent": ">=0.4"
            },
            "type": "library",
            "autoload": {
                "files": [
                    "whoops.php"
                ]
            },
            "notification-url": "http://packagist.org/downloads/",
            "license": [
                "MIT"
            ],
            "authors": [
                {
                    "name": "朱亚杰",
                    "email": "xcoolcc@gmail.com"
                }
            ],
            "description": "ThinkPHP3.2 集成Whoops",
            "time": "2015-09-15 10:48:16"
        }
    ],
    "packages-dev": [],
    "aliases": [],
    "minimum-stability": "dev",
    "stability-flags": {
        "snowair/think-dotenv": 20,
        "snowair/think-whoops": 20
    },
    "prefer-stable": false,
    "prefer-lowest": false,
    "platform": {
        "php": ">=5.3.0"
    },
    "platform-dev": []
}
